// !$*UTF8*$!
{
	archiveVersion = 1;
	classes = {
	};
	objectVersion = 77;
	objects = {

/* Begin PBXBuildFile section */
		63205B702F9248BA0050B84A /* WidgetKit.framework in Frameworks */ = {isa = PBXBuildFile; fileRef = 63205B6F2F9248BA0050B84A /* WidgetKit.framework */; };
		63205B722F9248BA0050B84A /* SwiftUI.framework in Frameworks */ = {isa = PBXBuildFile; fileRef = 63205B712F9248BA0050B84A /* SwiftUI.framework */; };
		63205B832F9248BC0050B84A /* KlyxWidgetExtension.appex in Embed Foundation Extensions */ = {isa = PBXBuildFile; fileRef = 63205B6D2F9248BA0050B84A /* KlyxWidgetExtension.appex */; settings = {ATTRIBUTES = (RemoveHeadersOnCopy, ); }; };
/* End PBXBuildFile section */

/* Begin PBXContainerItemProxy section */
		63205B812F9248BC0050B84A /* PBXContainerItemProxy */ = {
			isa = PBXContainerItemProxy;
			containerPortal = 6387FA3F2F9239AC00B5C6BE /* Project object */;
			proxyType = 1;
			remoteGlobalIDString = 63205B6C2F9248BA0050B84A;
			remoteInfo = KlyxWidgetExtension;
		};
		6387FA552F9239AF00B5C6BE /* PBXContainerItemProxy */ = {
			isa = PBXContainerItemProxy;
			containerPortal = 6387FA3F2F9239AC00B5C6BE /* Project object */;
			proxyType = 1;
			remoteGlobalIDString = 6387FA462F9239AC00B5C6BE;
			remoteInfo = Klyx;
		};
		6387FA5F2F9239AF00B5C6BE /* PBXContainerItemProxy */ = {
			isa = PBXContainerItemProxy;
			containerPortal = 6387FA3F2F9239AC00B5C6BE /* Project object */;
			proxyType = 1;
			remoteGlobalIDString = 6387FA462F9239AC00B5C6BE;
			remoteInfo = Klyx;
		};
/* End PBXContainerItemProxy section */

/* Begin PBXCopyFilesBuildPhase section */
		63205B842F9248BC0050B84A /* Embed Foundation Extensions */ = {
			isa = PBXCopyFilesBuildPhase;
			buildActionMask = 2147483647;
			dstPath = "";
			dstSubfolderSpec = 13;
			files = (
				63205B832F9248BC0050B84A /* KlyxWidgetExtension.appex in Embed Foundation Extensions */,
			);
			name = "Embed Foundation Extensions";
			runOnlyForDeploymentPostprocessing = 0;
		};
/* End PBXCopyFilesBuildPhase section */

/* Begin PBXFileReference section */
		63205B6D2F9248BA0050B84A /* KlyxWidgetExtension.appex */ = {isa = PBXFileReference; explicitFileType = "wrapper.app-extension"; includeInIndex = 0; path = KlyxWidgetExtension.appex; sourceTree = BUILT_PRODUCTS_DIR; };
		63205B6F2F9248BA0050B84A /* WidgetKit.framework */ = {isa = PBXFileReference; lastKnownFileType = wrapper.framework; name = WidgetKit.framework; path = System/Library/Frameworks/WidgetKit.framework; sourceTree = SDKROOT; };
		63205B712F9248BA0050B84A /* SwiftUI.framework */ = {isa = PBXFileReference; lastKnownFileType = wrapper.framework; name = SwiftUI.framework; path = System/Library/Frameworks/SwiftUI.framework; sourceTree = SDKROOT; };
		6387FA472F9239AC00B5C6BE /* Klyx.app */ = {isa = PBXFileReference; explicitFileType = wrapper.application; includeInIndex = 0; path = Klyx.app; sourceTree = BUILT_PRODUCTS_DIR; };
		6387FA542F9239AF00B5C6BE /* KlyxTests.xctest */ = {isa = PBXFileReference; explicitFileType = wrapper.cfbundle; includeInIndex = 0; path = KlyxTests.xctest; sourceTree = BUILT_PRODUCTS_DIR; };
		6387FA5E2F9239AF00B5C6BE /* KlyxUITests.xctest */ = {isa = PBXFileReference; explicitFileType = wrapper.cfbundle; includeInIndex = 0; path = KlyxUITests.xctest; sourceTree = BUILT_PRODUCTS_DIR; };
		63DBC5512F92902000884916 /* KlyxWidgetExtension.entitlements */ = {isa = PBXFileReference; lastKnownFileType = text.plist.entitlements; path = KlyxWidgetExtension.entitlements; sourceTree = "<group>"; };
/* End PBXFileReference section */

/* Begin PBXFileSystemSynchronizedBuildFileExceptionSet section */
		63205B872F9248BC0050B84A /* Exceptions for "KlyxWidget" folder in "KlyxWidgetExtension" target */ = {
			isa = PBXFileSystemSynchronizedBuildFileExceptionSet;
			membershipExceptions = (
				Info.plist,
			);
			target = 63205B6C2F9248BA0050B84A /* KlyxWidgetExtension */;
		};
		63DBC54C2F9283E700884916 /* Exceptions for "Klyx" folder in "KlyxWidgetExtension" target */ = {
			isa = PBXFileSystemSynchronizedBuildFileExceptionSet;
			membershipExceptions = (
				"Shared/Theme/Fonts/ClashDisplay-Bold.otf",
			);
			target = 63205B6C2F9248BA0050B84A /* KlyxWidgetExtension */;
		};
/* End PBXFileSystemSynchronizedBuildFileExceptionSet section */

/* Begin PBXFileSystemSynchronizedRootGroup section */
		63205B732F9248BA0050B84A /* KlyxWidget */ = {
			isa = PBXFileSystemSynchronizedRootGroup;
			exceptions = (
				63205B872F9248BC0050B84A /* Exceptions for "KlyxWidget" folder in "KlyxWidgetExtension" target */,
			);
			path = KlyxWidget;
			sourceTree = "<group>";
		};
		6387FA492F9239AC00B5C6BE /* Klyx */ = {
			isa = PBXFileSystemSynchronizedRootGroup;
			exceptions = (
				63DBC54C2F9283E700884916 /* Exceptions for "Klyx" folder in "KlyxWidgetExtension" target */,
			);
			path = Klyx;
			sourceTree = "<group>";
		};
		6387FA572F9239AF00B5C6BE /* KlyxTests */ = {
			isa = PBXFileSystemSynchronizedRootGroup;
			path = KlyxTests;
			sourceTree = "<group>";
		};
		6387FA612F9239AF00B5C6BE /* KlyxUITests */ = {
			isa = PBXFileSystemSynchronizedRootGroup;
			path = KlyxUITests;
			sourceTree = "<group>";
		};
/* End PBXFileSystemSynchronizedRootGroup section */

/* Begin PBXFrameworksBuildPhase section */
		63205B6A2F9248BA0050B84A /* Frameworks */ = {
			isa = PBXFrameworksBuildPhase;
			buildActionMask = 2147483647;
			files = (
				63205B722F9248BA0050B84A /* SwiftUI.framework in Frameworks */,
				63205B702F9248BA0050B84A /* WidgetKit.framework in Frameworks */,
			);
			runOnlyForDeploymentPostprocessing = 0;
		};
		6387FA442F9239AC00B5C6BE /* Frameworks */ = {
			isa = PBXFrameworksBuildPhase;
			buildActionMask = 2147483647;
			files = (
			);
			runOnlyForDeploymentPostprocessing = 0;
		};
		6387FA512F9239AF00B5C6BE /* Frameworks */ = {
			isa = PBXFrameworksBuildPhase;
			buildActionMask = 2147483647;
			files = (
			);
			runOnlyForDeploymentPostprocessing = 0;
		};
		6387FA5B2F9239AF00B5C6BE /* Frameworks */ = {
			isa = PBXFrameworksBuildPhase;
			buildActionMask = 2147483647;
			files = (
			);
			runOnlyForDeploymentPostprocessing = 0;
		};
/* End PBXFrameworksBuildPhase section */

/* Begin PBXGroup section */
		63205B6E2F9248BA0050B84A /* Frameworks */ = {
			isa = PBXGroup;
			children = (
				63205B6F2F9248BA0050B84A /* WidgetKit.framework */,
				63205B712F9248BA0050B84A /* SwiftUI.framework */,
			);
			name = Frameworks;
			sourceTree = "<group>";
		};
		6387FA3E2F9239AC00B5C6BE = {
			isa = PBXGroup;
			children = (
				63DBC5512F92902000884916 /* KlyxWidgetExtension.entitlements */,
				6387FA492F9239AC00B5C6BE /* Klyx */,
				6387FA572F9239AF00B5C6BE /* KlyxTests */,
				6387FA612F9239AF00B5C6BE /* KlyxUITests */,
				63205B732F9248BA0050B84A /* KlyxWidget */,
				63205B6E2F9248BA0050B84A /* Frameworks */,
				6387FA482F9239AC00B5C6BE /* Products */,
			);
			sourceTree = "<group>";
		};
		6387FA482F9239AC00B5C6BE /* Products */ = {
			isa = PBXGroup;
			children = (
				6387FA472F9239AC00B5C6BE /* Klyx.app */,
				6387FA542F9239AF00B5C6BE /* KlyxTests.xctest */,
				6387FA5E2F9239AF00B5C6BE /* KlyxUITests.xctest */,
				63205B6D2F9248BA0050B84A /* KlyxWidgetExtension.appex */,
			);
			name = Products;
			sourceTree = "<group>";
		};
/* End PBXGroup section */

/* Begin PBXNativeTarget section */
		63205B6C2F9248BA0050B84A /* KlyxWidgetExtension */ = {
			isa = PBXNativeTarget;
			buildConfigurationList = 63205B882F9248BC0050B84A /* Build configuration list for PBXNativeTarget "KlyxWidgetExtension" */;
			buildPhases = (
				63205B692F9248BA0050B84A /* Sources */,
				63205B6A2F9248BA0050B84A /* Frameworks */,
				63205B6B2F9248BA0050B84A /* Resources */,
			);
			buildRules = (
			);
			dependencies = (
			);
			fileSystemSynchronizedGroups = (
				63205B732F9248BA0050B84A /* KlyxWidget */,
			);
			name = KlyxWidgetExtension;
			packageProductDependencies = (
			);
			productName = KlyxWidgetExtension;
			productReference = 63205B6D2F9248BA0050B84A /* KlyxWidgetExtension.appex */;
			productType = "com.apple.product-type.app-extension";
		};
		6387FA462F9239AC00B5C6BE /* Klyx */ = {
			isa = PBXNativeTarget;
			buildConfigurationList = 6387FA682F9239AF00B5C6BE /* Build configuration list for PBXNativeTarget "Klyx" */;
			buildPhases = (
				6387FA432F9239AC00B5C6BE /* Sources */,
				6387FA442F9239AC00B5C6BE /* Frameworks */,
				6387FA452F9239AC00B5C6BE /* Resources */,
				63205B842F9248BC0050B84A /* Embed Foundation Extensions */,
			);
			buildRules = (
			);
			dependencies = (
				63205B822F9248BC0050B84A /* PBXTargetDependency */,
			);
			fileSystemSynchronizedGroups = (
				6387FA492F9239AC00B5C6BE /* Klyx */,
			);
			name = Klyx;
			packageProductDependencies = (
			);
			productName = Klyx;
			productReference = 6387FA472F9239AC00B5C6BE /* Klyx.app */;
			productType = "com.apple.product-type.application";
		};
		6387FA532F9239AF00B5C6BE /* KlyxTests */ = {
			isa = PBXNativeTarget;
			buildConfigurationList = 6387FA6B2F9239AF00B5C6BE /* Build configuration list for PBXNativeTarget "KlyxTests" */;
			buildPhases = (
				6387FA502F9239AF00B5C6BE /* Sources */,
				6387FA512F9239AF00B5C6BE /* Frameworks */,
				6387FA522F9239AF00B5C6BE /* Resources */,
			);
			buildRules = (
			);
			dependencies = (
				6387FA562F9239AF00B5C6BE /* PBXTargetDependency */,
			);
			fileSystemSynchronizedGroups = (
				6387FA572F9239AF00B5C6BE /* KlyxTests */,
			);
			name = KlyxTests;
			packageProductDependencies = (
			);
			productName = KlyxTests;
			productReference = 6387FA542F9239AF00B5C6BE /* KlyxTests.xctest */;
			productType = "com.apple.product-type.bundle.unit-test";
		};
		6387FA5D2F9239AF00B5C6BE /* KlyxUITests */ = {
			isa = PBXNativeTarget;
			buildConfigurationList = 6387FA6E2F9239AF00B5C6BE /* Build configuration list for PBXNativeTarget "KlyxUITests" */;
			buildPhases = (
				6387FA5A2F9239AF00B5C6BE /* Sources */,
				6387FA5B2F9239AF00B5C6BE /* Frameworks */,
				6387FA5C2F9239AF00B5C6BE /* Resources */,
			);
			buildRules = (
			);
			dependencies = (
				6387FA602F9239AF00B5C6BE /* PBXTargetDependency */,
			);
			fileSystemSynchronizedGroups = (
				6387FA612F9239AF00B5C6BE /* KlyxUITests */,
			);
			name = KlyxUITests;
			packageProductDependencies = (
			);
			productName = KlyxUITests;
			productReference = 6387FA5E2F9239AF00B5C6BE /* KlyxUITests.xctest */;
			productType = "com.apple.product-type.bundle.ui-testing";
		};
/* End PBXNativeTarget section */

/* Begin PBXProject section */
		6387FA3F2F9239AC00B5C6BE /* Project object */ = {
			isa = PBXProject;
			attributes = {
				BuildIndependentTargetsInParallel = 1;
				LastSwiftUpdateCheck = 2600;
				LastUpgradeCheck = 2600;
				TargetAttributes = {
					63205B6C2F9248BA0050B84A = {
						CreatedOnToolsVersion = 26.0.1;
					};
					6387FA462F9239AC00B5C6BE = {
						CreatedOnToolsVersion = 26.0.1;
					};
					6387FA532F9239AF00B5C6BE = {
						CreatedOnToolsVersion = 26.0.1;
						TestTargetID = 6387FA462F9239AC00B5C6BE;
					};
					6387FA5D2F9239AF00B5C6BE = {
						CreatedOnToolsVersion = 26.0.1;
						TestTargetID = 6387FA462F9239AC00B5C6BE;
					};
				};
			};
			buildConfigurationList = 6387FA422F9239AC00B5C6BE /* Build configuration list for PBXProject "Klyx" */;
			developmentRegion = en;
			hasScannedForEncodings = 0;
			knownRegions = (
				en,
				Base,
			);
			mainGroup = 6387FA3E2F9239AC00B5C6BE;
			minimizedProjectReferenceProxies = 1;
			preferredProjectObjectVersion = 77;
			productRefGroup = 6387FA482F9239AC00B5C6BE /* Products */;
			projectDirPath = "";
			projectRoot = "";
			targets = (
				6387FA462F9239AC00B5C6BE /* Klyx */,
				6387FA532F9239AF00B5C6BE /* KlyxTests */,
				6387FA5D2F9239AF00B5C6BE /* KlyxUITests */,
				63205B6C2F9248BA0050B84A /* KlyxWidgetExtension */,
			);
		};
/* End PBXProject section */

/* Begin PBXResourcesBuildPhase section */
		63205B6B2F9248BA0050B84A /* Resources */ = {
			isa = PBXResourcesBuildPhase;
			buildActionMask = 2147483647;
			files = (
			);
			runOnlyForDeploymentPostprocessing = 0;
		};
		6387FA452F9239AC00B5C6BE /* Resources */ = {
			isa = PBXResourcesBuildPhase;
			buildActionMask = 2147483647;
			files = (
			);
			runOnlyForDeploymentPostprocessing = 0;
		};
		6387FA522F9239AF00B5C6BE /* Resources */ = {
			isa = PBXResourcesBuildPhase;
			buildActionMask = 2147483647;
			files = (
			);
			runOnlyForDeploymentPostprocessing = 0;
		};
		6387FA5C2F9239AF00B5C6BE /* Resources */ = {
			isa = PBXResourcesBuildPhase;
			buildActionMask = 2147483647;
			files = (
			);
			runOnlyForDeploymentPostprocessing = 0;
		};
/* End PBXResourcesBuildPhase section */

/* Begin PBXSourcesBuildPhase section */
		63205B692F9248BA0050B84A /* Sources */ = {
			isa = PBXSourcesBuildPhase;
			buildActionMask = 2147483647;
			files = (
			);
			runOnlyForDeploymentPostprocessing = 0;
		};
		6387FA432F9239AC00B5C6BE /* Sources */ = {
			isa = PBXSourcesBuildPhase;
			buildActionMask = 2147483647;
			files = (
			);
			runOnlyForDeploymentPostprocessing = 0;
		};
		6387FA502F9239AF00B5C6BE /* Sources */ = {
			isa = PBXSourcesBuildPhase;
			buildActionMask = 2147483647;
			files = (
			);
			runOnlyForDeploymentPostprocessing = 0;
		};
		6387FA5A2F9239AF00B5C6BE /* Sources */ = {
			isa = PBXSourcesBuildPhase;
			buildActionMask = 2147483647;
			files = (
			);
			runOnlyForDeploymentPostprocessing = 0;
		};
/* End PBXSourcesBuildPhase section */

/* Begin PBXTargetDependency section */
		63205B822F9248BC0050B84A /* PBXTargetDependency */ = {
			isa = PBXTargetDependency;
			target = 63205B6C2F9248BA0050B84A /* KlyxWidgetExtension */;
			targetProxy = 63205B812F9248BC0050B84A /* PBXContainerItemProxy */;
		};
		6387FA562F9239AF00B5C6BE /* PBXTargetDependency */ = {
			isa = PBXTargetDependency;
			target = 6387FA462F9239AC00B5C6BE /* Klyx */;
			targetProxy = 6387FA552F9239AF00B5C6BE /* PBXContainerItemProxy */;
		};
		6387FA602F9239AF00B5C6BE /* PBXTargetDependency */ = {
			isa = PBXTargetDependency;
			target = 6387FA462F9239AC00B5C6BE /* Klyx */;
			targetProxy = 6387FA5F2F9239AF00B5C6BE /* PBXContainerItemProxy */;
		};
/* End PBXTargetDependency section */

/* Begin XCBuildConfiguration section */
		63205B852F9248BC0050B84A /* Debug */ = {
			isa = XCBuildConfiguration;
			buildSettings = {
				ASSETCATALOG_COMPILER_GLOBAL_ACCENT_COLOR_NAME = AccentColor;
				ASSETCATALOG_COMPILER_WIDGET_BACKGROUND_COLOR_NAME = WidgetBackground;
				CODE_SIGN_ENTITLEMENTS = KlyxWidgetExtension.entitlements;
				CODE_SIGN_STYLE = Automatic;
				CURRENT_PROJECT_VERSION = 1;
				DEVELOPMENT_TEAM = 3BJDK999HQ;
				GENERATE_INFOPLIST_FILE = YES;
				INFOPLIST_FILE = KlyxWidget/Info.plist;
				INFOPLIST_KEY_CFBundleDisplayName = KlyxWidget;
				INFOPLIST_KEY_NSHumanReadableCopyright = "";
				LD_RUNPATH_SEARCH_PATHS = (
					"$(inherited)",
					"@executable_path/Frameworks",
					"@executable_path/../../Frameworks",
				);
				MARKETING_VERSION = 1.0;
				PRODUCT_BUNDLE_IDENTIFIER = com.appminds.klyx.Widget;
				PRODUCT_NAME = "$(TARGET_NAME)";
				SKIP_INSTALL = YES;
				STRING_CATALOG_GENERATE_SYMBOLS = YES;
				SWIFT_APPROACHABLE_CONCURRENCY = YES;
				SWIFT_EMIT_LOC_STRINGS = YES;
				SWIFT_UPCOMING_FEATURE_MEMBER_IMPORT_VISIBILITY = YES;
				SWIFT_VERSION = 5.0;
				TARGETED_DEVICE_FAMILY = "1,2";
			};
			name = Debug;
		};
		63205B862F9248BC0050B84A /* Release */ = {
			isa = XCBuildConfiguration;
			buildSettings = {
				ASSETCATALOG_COMPILER_GLOBAL_ACCENT_COLOR_NAME = AccentColor;
				ASSETCATALOG_COMPILER_WIDGET_BACKGROUND_COLOR_NAME = WidgetBackground;
				CODE_SIGN_ENTITLEMENTS = KlyxWidgetExtension.entitlements;
				CODE_SIGN_STYLE = Automatic;
				CURRENT_PROJECT_VERSION = 1;
				DEVELOPMENT_TEAM = 3BJDK999HQ;
				GENERATE_INFOPLIST_FILE = YES;
				INFOPLIST_FILE = KlyxWidget/Info.plist;
				INFOPLIST_KEY_CFBundleDisplayName = KlyxWidget;
				INFOPLIST_KEY_NSHumanReadableCopyright = "";
				LD_RUNPATH_SEARCH_PATHS = (
					"$(inherited)",
					"@executable_path/Frameworks",
					"@executable_path/../../Frameworks",
				);
				MARKETING_VERSION = 1.0;
				PRODUCT_BUNDLE_IDENTIFIER = com.appminds.klyx.Widget;
				PRODUCT_NAME = "$(TARGET_NAME)";
				SKIP_INSTALL = YES;
				STRING_CATALOG_GENERATE_SYMBOLS = YES;
				SWIFT_APPROACHABLE_CONCURRENCY = YES;
				SWIFT_EMIT_LOC_STRINGS = YES;
				SWIFT_UPCOMING_FEATURE_MEMBER_IMPORT_VISIBILITY = YES;
				SWIFT_VERSION = 5.0;
				TARGETED_DEVICE_FAMILY = "1,2";
			};
			name = Release;
		};
		6387FA662F9239AF00B5C6BE /* Debug */ = {
			isa = XCBuildConfiguration;
			buildSettings = {
				ALWAYS_SEARCH_USER_PATHS = NO;
				ASSETCATALOG_COMPILER_GENERATE_SWIFT_ASSET_SYMBOL_EXTENSIONS = YES;
				CLANG_ANALYZER_NONNULL = YES;
				CLANG_ANALYZER_NUMBER_OBJECT_CONVERSION = YES_AGGRESSIVE;
				CLANG_CXX_LANGUAGE_STANDARD = "gnu++20";
				CLANG_ENABLE_MODULES = YES;
				CLANG_ENABLE_OBJC_ARC = YES;
				CLANG_ENABLE_OBJC_WEAK = YES;
				CLANG_WARN_BLOCK_CAPTURE_AUTORELEASING = YES;
				CLANG_WARN_BOOL_CONVERSION = YES;
				CLANG_WARN_COMMA = YES;
				CLANG_WARN_CONSTANT_CONVERSION = YES;
				CLANG_WARN_DEPRECATED_OBJC_IMPLEMENTATIONS = YES;
				CLANG_WARN_DIRECT_OBJC_ISA_USAGE = YES_ERROR;
				CLANG_WARN_DOCUMENTATION_COMMENTS = YES;
				CLANG_WARN_EMPTY_BODY = YES;
				CLANG_WARN_ENUM_CONVERSION = YES;
				CLANG_WARN_INFINITE_RECURSION = YES;
				CLANG_WARN_INT_CONVERSION = YES;
				CLANG_WARN_NON_LITERAL_NULL_CONVERSION = YES;
				CLANG_WARN_OBJC_IMPLICIT_RETAIN_SELF = YES;
				CLANG_WARN_OBJC_LITERAL_CONVERSION = YES;
				CLANG_WARN_OBJC_ROOT_CLASS = YES_ERROR;
				CLANG_WARN_QUOTED_INCLUDE_IN_FRAMEWORK_HEADER = YES;
				CLANG_WARN_RANGE_LOOP_ANALYSIS = YES;
				CLANG_WARN_STRICT_PROTOTYPES = YES;
				CLANG_WARN_SUSPICIOUS_MOVE = YES;
				CLANG_WARN_UNGUARDED_AVAILABILITY = YES_AGGRESSIVE;
				CLANG_WARN_UNREACHABLE_CODE = YES;
				CLANG_WARN__DUPLICATE_METHOD_MATCH = YES;
				COPY_PHASE_STRIP = NO;
				DEBUG_INFORMATION_FORMAT = dwarf;
				DEVELOPMENT_TEAM = 3S9PPRUG6U;
				ENABLE_STRICT_OBJC_MSGSEND = YES;
				ENABLE_TESTABILITY = YES;
				ENABLE_USER_SCRIPT_SANDBOXING = YES;
				GCC_C_LANGUAGE_STANDARD = gnu17;
				GCC_DYNAMIC_NO_PIC = NO;
				GCC_NO_COMMON_BLOCKS = YES;
				GCC_OPTIMIZATION_LEVEL = 0;
				GCC_PREPROCESSOR_DEFINITIONS = (
					"DEBUG=1",
					"$(inherited)",
				);
				GCC_WARN_64_TO_32_BIT_CONVERSION = YES;
				GCC_WARN_ABOUT_RETURN_TYPE = YES_ERROR;
				GCC_WARN_UNDECLARED_SELECTOR = YES;
				GCC_WARN_UNINITIALIZED_AUTOS = YES_AGGRESSIVE;
				GCC_WARN_UNUSED_FUNCTION = YES;
				GCC_WARN_UNUSED_VARIABLE = YES;
				IPHONEOS_DEPLOYMENT_TARGET = 26.0;
				LOCALIZATION_PREFERS_STRING_CATALOGS = YES;
				MTL_ENABLE_DEBUG_INFO = INCLUDE_SOURCE;
				MTL_FAST_MATH = YES;
				ONLY_ACTIVE_ARCH = YES;
				SDKROOT = iphoneos;
				SWIFT_ACTIVE_COMPILATION_CONDITIONS = "DEBUG $(inherited)";
				SWIFT_OPTIMIZATION_LEVEL = "-Onone";
			};
			name = Debug;
		};
		6387FA672F9239AF00B5C6BE /* Release */ = {
			isa = XCBuildConfiguration;
			buildSettings = {
				ALWAYS_SEARCH_USER_PATHS = NO;
				ASSETCATALOG_COMPILER_GENERATE_SWIFT_ASSET_SYMBOL_EXTENSIONS = YES;
				CLANG_ANALYZER_NONNULL = YES;
				CLANG_ANALYZER_NUMBER_OBJECT_CONVERSION = YES_AGGRESSIVE;
				CLANG_CXX_LANGUAGE_STANDARD = "gnu++20";
				CLANG_ENABLE_MODULES = YES;
				CLANG_ENABLE_OBJC_ARC = YES;
				CLANG_ENABLE_OBJC_WEAK = YES;
				CLANG_WARN_BLOCK_CAPTURE_AUTORELEASING = YES;
				CLANG_WARN_BOOL_CONVERSION = YES;
				CLANG_WARN_COMMA = YES;
				CLANG_WARN_CONSTANT_CONVERSION = YES;
				CLANG_WARN_DEPRECATED_OBJC_IMPLEMENTATIONS = YES;
				CLANG_WARN_DIRECT_OBJC_ISA_USAGE = YES_ERROR;
				CLANG_WARN_DOCUMENTATION_COMMENTS = YES;
				CLANG_WARN_EMPTY_BODY = YES;
				CLANG_WARN_ENUM_CONVERSION = YES;
				CLANG_WARN_INFINITE_RECURSION = YES;
				CLANG_WARN_INT_CONVERSION = YES;
				CLANG_WARN_NON_LITERAL_NULL_CONVERSION = YES;
				CLANG_WARN_OBJC_IMPLICIT_RETAIN_SELF = YES;
				CLANG_WARN_OBJC_LITERAL_CONVERSION = YES;
				CLANG_WARN_OBJC_ROOT_CLASS = YES_ERROR;
				CLANG_WARN_QUOTED_INCLUDE_IN_FRAMEWORK_HEADER = YES;
				CLANG_WARN_RANGE_LOOP_ANALYSIS = YES;
				CLANG_WARN_STRICT_PROTOTYPES = YES;
				CLANG_WARN_SUSPICIOUS_MOVE = YES;
				CLANG_WARN_UNGUARDED_AVAILABILITY = YES_AGGRESSIVE;
				CLANG_WARN_UNREACHABLE_CODE = YES;
				CLANG_WARN__DUPLICATE_METHOD_MATCH = YES;
				COPY_PHASE_STRIP = NO;
				DEBUG_INFORMATION_FORMAT = "dwarf-with-dsym";
				DEVELOPMENT_TEAM = 3S9PPRUG6U;
				ENABLE_NS_ASSERTIONS = NO;
				ENABLE_STRICT_OBJC_MSGSEND = YES;
				ENABLE_USER_SCRIPT_SANDBOXING = YES;
				GCC_C_LANGUAGE_STANDARD = gnu17;
				GCC_NO_COMMON_BLOCKS = YES;
				GCC_WARN_64_TO_32_BIT_CONVERSION = YES;
				GCC_WARN_ABOUT_RETURN_TYPE = YES_ERROR;
				GCC_WARN_UNDECLARED_SELECTOR = YES;
				GCC_WARN_UNINITIALIZED_AUTOS = YES_AGGRESSIVE;
				GCC_WARN_UNUSED_FUNCTION = YES;
				GCC_WARN_UNUSED_VARIABLE = YES;
				IPHONEOS_DEPLOYMENT_TARGET = 26.0;
				LOCALIZATION_PREFERS_STRING_CATALOGS = YES;
				MTL_ENABLE_DEBUG_INFO = NO;
				MTL_FAST_MATH = YES;
				SDKROOT = iphoneos;
				SWIFT_COMPILATION_MODE = wholemodule;
				VALIDATE_PRODUCT = YES;
			};
			name = Release;
		};
		6387FA692F9239AF00B5C6BE /* Debug */ = {
			isa = XCBuildConfiguration;
			buildSettings = {
				ASSETCATALOG_COMPILER_APPICON_NAME = AppIcon;
				ASSETCATALOG_COMPILER_GLOBAL_ACCENT_COLOR_NAME = AccentColor;
				CODE_SIGN_ENTITLEMENTS = Klyx/Klyx.entitlements;
				CODE_SIGN_STYLE = Automatic;
				CURRENT_PROJECT_VERSION = 1;
				DEVELOPMENT_TEAM = 3BJDK999HQ;
				ENABLE_PREVIEWS = YES;
				GENERATE_INFOPLIST_FILE = YES;
				INFOPLIST_KEY_UIApplicationSceneManifest_Generation = YES;
				INFOPLIST_KEY_UIApplicationSupportsIndirectInputEvents = YES;
				INFOPLIST_KEY_UILaunchScreen_Generation = YES;
				INFOPLIST_KEY_UISupportedInterfaceOrientations_iPad = "UIInterfaceOrientationPortrait UIInterfaceOrientationPortraitUpsideDown UIInterfaceOrientationLandscapeLeft UIInterfaceOrientationLandscapeRight";
				INFOPLIST_KEY_UISupportedInterfaceOrientations_iPhone = "UIInterfaceOrientationPortrait UIInterfaceOrientationLandscapeLeft UIInterfaceOrientationLandscapeRight";
				LD_RUNPATH_SEARCH_PATHS = (
					"$(inherited)",
					"@executable_path/Frameworks",
				);
				MARKETING_VERSION = 1.0;
				PRODUCT_BUNDLE_IDENTIFIER = com.appminds.klyx;
				PRODUCT_NAME = "$(TARGET_NAME)";
				STRING_CATALOG_GENERATE_SYMBOLS = YES;
				SWIFT_APPROACHABLE_CONCURRENCY = YES;
				SWIFT_DEFAULT_ACTOR_ISOLATION = MainActor;
				SWIFT_EMIT_LOC_STRINGS = YES;
				SWIFT_UPCOMING_FEATURE_MEMBER_IMPORT_VISIBILITY = YES;
				SWIFT_VERSION = 5.0;
				TARGETED_DEVICE_FAMILY = "1,2";
			};
			name = Debug;
		};
		6387FA6A2F9239AF00B5C6BE /* Release */ = {
			isa = XCBuildConfiguration;
			buildSettings = {
				ASSETCATALOG_COMPILER_APPICON_NAME = AppIcon;
				ASSETCATALOG_COMPILER_GLOBAL_ACCENT_COLOR_NAME = AccentColor;
				CODE_SIGN_ENTITLEMENTS = Klyx/Klyx.entitlements;
				CODE_SIGN_STYLE = Automatic;
				CURRENT_PROJECT_VERSION = 1;
				DEVELOPMENT_TEAM = 3BJDK999HQ;
				ENABLE_PREVIEWS = YES;
				GENERATE_INFOPLIST_FILE = YES;
				INFOPLIST_KEY_UIApplicationSceneManifest_Generation = YES;
				INFOPLIST_KEY_UIApplicationSupportsIndirectInputEvents = YES;
				INFOPLIST_KEY_UILaunchScreen_Generation = YES;
				INFOPLIST_KEY_UISupportedInterfaceOrientations_iPad = "UIInterfaceOrientationPortrait UIInterfaceOrientationPortraitUpsideDown UIInterfaceOrientationLandscapeLeft UIInterfaceOrientationLandscapeRight";
				INFOPLIST_KEY_UISupportedInterfaceOrientations_iPhone = "UIInterfaceOrientationPortrait UIInterfaceOrientationLandscapeLeft UIInterfaceOrientationLandscapeRight";
				LD_RUNPATH_SEARCH_PATHS = (
					"$(inherited)",
					"@executable_path/Frameworks",
				);
				MARKETING_VERSION = 1.0;
				PRODUCT_BUNDLE_IDENTIFIER = com.appminds.klyx;
				PRODUCT_NAME = "$(TARGET_NAME)";
				STRING_CATALOG_GENERATE_SYMBOLS = YES;
				SWIFT_APPROACHABLE_CONCURRENCY = YES;
				SWIFT_DEFAULT_ACTOR_ISOLATION = MainActor;
				SWIFT_EMIT_LOC_STRINGS = YES;
				SWIFT_UPCOMING_FEATURE_MEMBER_IMPORT_VISIBILITY = YES;
				SWIFT_VERSION = 5.0;
				TARGETED_DEVICE_FAMILY = "1,2";
			};
			name = Release;
		};
		6387FA6C2F9239AF00B5C6BE /* Debug */ = {
			isa = XCBuildConfiguration;
			buildSettings = {
				BUNDLE_LOADER = "$(TEST_HOST)";
				CODE_SIGN_STYLE = Automatic;
				CURRENT_PROJECT_VERSION = 1;
				DEVELOPMENT_TEAM = 3S9PPRUG6U;
				GENERATE_INFOPLIST_FILE = YES;
				IPHONEOS_DEPLOYMENT_TARGET = 26.0;
				MARKETING_VERSION = 1.0;
				PRODUCT_BUNDLE_IDENTIFIER = com.appminds.klyxTests;
				PRODUCT_NAME = "$(TARGET_NAME)";
				STRING_CATALOG_GENERATE_SYMBOLS = NO;
				SWIFT_APPROACHABLE_CONCURRENCY = YES;
				SWIFT_EMIT_LOC_STRINGS = NO;
				SWIFT_UPCOMING_FEATURE_MEMBER_IMPORT_VISIBILITY = YES;
				SWIFT_VERSION = 5.0;
				TARGETED_DEVICE_FAMILY = "1,2";
				TEST_HOST = "$(BUILT_PRODUCTS_DIR)/Klyx.app/$(BUNDLE_EXECUTABLE_FOLDER_PATH)/Klyx";
			};
			name = Debug;
		};
		6387FA6D2F9239AF00B5C6BE /* Release */ = {
			isa = XCBuildConfiguration;
			buildSettings = {
				BUNDLE_LOADER = "$(TEST_HOST)";
				CODE_SIGN_STYLE = Automatic;
				CURRENT_PROJECT_VERSION = 1;
				DEVELOPMENT_TEAM = 3S9PPRUG6U;
				GENERATE_INFOPLIST_FILE = YES;
				IPHONEOS_DEPLOYMENT_TARGET = 26.0;
				MARKETING_VERSION = 1.0;
				PRODUCT_BUNDLE_IDENTIFIER = com.appminds.klyxTests;
				PRODUCT_NAME = "$(TARGET_NAME)";
				STRING_CATALOG_GENERATE_SYMBOLS = NO;
				SWIFT_APPROACHABLE_CONCURRENCY = YES;
				SWIFT_EMIT_LOC_STRINGS = NO;
				SWIFT_UPCOMING_FEATURE_MEMBER_IMPORT_VISIBILITY = YES;
				SWIFT_VERSION = 5.0;
				TARGETED_DEVICE_FAMILY = "1,2";
				TEST_HOST = "$(BUILT_PRODUCTS_DIR)/Klyx.app/$(BUNDLE_EXECUTABLE_FOLDER_PATH)/Klyx";
			};
			name = Release;
		};
		6387FA6F2F9239AF00B5C6BE /* Debug */ = {
			isa = XCBuildConfiguration;
			buildSettings = {
				CODE_SIGN_STYLE = Automatic;
				CURRENT_PROJECT_VERSION = 1;
				DEVELOPMENT_TEAM = 3S9PPRUG6U;
				GENERATE_INFOPLIST_FILE = YES;
				MARKETING_VERSION = 1.0;
				PRODUCT_BUNDLE_IDENTIFIER = com.appminds.klyxUITests;
				PRODUCT_NAME = "$(TARGET_NAME)";
				STRING_CATALOG_GENERATE_SYMBOLS = NO;
				SWIFT_APPROACHABLE_CONCURRENCY = YES;
				SWIFT_EMIT_LOC_STRINGS = NO;
				SWIFT_UPCOMING_FEATURE_MEMBER_IMPORT_VISIBILITY = YES;
				SWIFT_VERSION = 5.0;
				TARGETED_DEVICE_FAMILY = "1,2";
				TEST_TARGET_NAME = Klyx;
			};
			name = Debug;
		};
		6387FA702F9239AF00B5C6BE /* Release */ = {
			isa = XCBuildConfiguration;
			buildSettings = {
				CODE_SIGN_STYLE = Automatic;
				CURRENT_PROJECT_VERSION = 1;
				DEVELOPMENT_TEAM = 3S9PPRUG6U;
				GENERATE_INFOPLIST_FILE = YES;
				MARKETING_VERSION = 1.0;
				PRODUCT_BUNDLE_IDENTIFIER = com.appminds.klyxUITests;
				PRODUCT_NAME = "$(TARGET_NAME)";
				STRING_CATALOG_GENERATE_SYMBOLS = NO;
				SWIFT_APPROACHABLE_CONCURRENCY = YES;
				SWIFT_EMIT_LOC_STRINGS = NO;
				SWIFT_UPCOMING_FEATURE_MEMBER_IMPORT_VISIBILITY = YES;
				SWIFT_VERSION = 5.0;
				TARGETED_DEVICE_FAMILY = "1,2";
				TEST_TARGET_NAME = Klyx;
			};
			name = Release;
		};
/* End XCBuildConfiguration section */

/* Begin XCConfigurationList section */
		63205B882F9248BC0050B84A /* Build configuration list for PBXNativeTarget "KlyxWidgetExtension" */ = {
			isa = XCConfigurationList;
			buildConfigurations = (
				63205B852F9248BC0050B84A /* Debug */,
				63205B862F9248BC0050B84A /* Release */,
			);
			defaultConfigurationIsVisible = 0;
			defaultConfigurationName = Release;
		};
		6387FA422F9239AC00B5C6BE /* Build configuration list for PBXProject "Klyx" */ = {
			isa = XCConfigurationList;
			buildConfigurations = (
				6387FA662F9239AF00B5C6BE /* Debug */,
				6387FA672F9239AF00B5C6BE /* Release */,
			);
			defaultConfigurationIsVisible = 0;
			defaultConfigurationName = Release;
		};
		6387FA682F9239AF00B5C6BE /* Build configuration list for PBXNativeTarget "Klyx" */ = {
			isa = XCConfigurationList;
			buildConfigurations = (
				6387FA692F9239AF00B5C6BE /* Debug */,
				6387FA6A2F9239AF00B5C6BE /* Release */,
			);
			defaultConfigurationIsVisible = 0;
			defaultConfigurationName = Release;
		};
		6387FA6B2F9239AF00B5C6BE /* Build configuration list for PBXNativeTarget "KlyxTests" */ = {
			isa = XCConfigurationList;
			buildConfigurations = (
				6387FA6C2F9239AF00B5C6BE /* Debug */,
				6387FA6D2F9239AF00B5C6BE /* Release */,
			);
			defaultConfigurationIsVisible = 0;
			defaultConfigurationName = Release;
		};
		6387FA6E2F9239AF00B5C6BE /* Build configuration list for PBXNativeTarget "KlyxUITests" */ = {
			isa = XCConfigurationList;
			buildConfigurations = (
				6387FA6F2F9239AF00B5C6BE /* Debug */,
				6387FA702F9239AF00B5C6BE /* Release */,
			);
			defaultConfigurationIsVisible = 0;
			defaultConfigurationName = Release;
		};
/* End XCConfigurationList section */
	};
	rootObject = 6387FA3F2F9239AC00B5C6BE /* Project object */;
}
